
Microsoft Visual Studio Solution File, Format Version 12.00
# Visual Studio 2013
VisualStudioVersion = 12.0.31101.0
MinimumVisualStudioVersion = 10.0.40219.1
Project("{FAE04EC0-301F-11D3-BF4B-00C04F79EFBC}") = "Bdf", "Bdf\Bdf.csproj", "{9F09D038-06A2-4725-988B-F8A674AFA31E}"
EndProject
Project("{FAE04EC0-301F-11D3-BF4B-00C04F79EFBC}") = "Bdf.EntityFramework", "Bdf.EntityFramework\Bdf.EntityFramework.csproj", "{ACC7EE58-9FF7-48DF-A796-689AC439E57E}"
EndProject
Project("{FAE04EC0-301F-11D3-BF4B-00C04F79EFBC}") = "Bdf.MemoryDb", "Bdf.MemoryDb\Bdf.MemoryDb.csproj", "{B8E92F9A-B7CA-4148-B3CA-579D1EA16586}"
EndProject
Project("{FAE04EC0-301F-11D3-BF4B-00C04F79EFBC}") = "Bdf.MongoDb", "Bdf.MongoDB\Bdf.MongoDb.csproj", "{63C7C9E6-944A-41E8-9013-19E9820CFC3A}"
EndProject
Project("{FAE04EC0-301F-11D3-BF4B-00C04F79EFBC}") = "Bdf.NHibernate", "Bdf.NHibernate\Bdf.NHibernate.csproj", "{C5E716FF-DEC0-48B4-B698-3FA484EB7D28}"
EndProject
Project("{FAE04EC0-301F-11D3-BF4B-00C04F79EFBC}") = "Bdf.RedisCache", "Bdf.RedisCache\Bdf.RedisCache.csproj", "{3FD6E4DF-7CCB-4A39-98A0-5A6F73F4285A}"
EndProject
Project("{2150E333-8FDC-42A3-9474-1A3956D46DE8}") = "Sample", "Sample", "{EC4DDE40-7E07-4F43-86C6-FA7931909CD6}"
EndProject
Project("{2150E333-8FDC-42A3-9474-1A3956D46DE8}") = "Tests", "Tests", "{5274E255-148F-4415-A578-996EE5F4CC12}"
EndProject
Project("{FAE04EC0-301F-11D3-BF4B-00C04F79EFBC}") = "Bdf.Sample.Web.Mvc", "Bdf.Sample.Web.Mvc\Bdf.Sample.Web.Mvc.csproj", "{CA70A12D-7CE1-416C-AC92-0FA8EE62A8B5}"
EndProject
Project("{FAE04EC0-301F-11D3-BF4B-00C04F79EFBC}") = "Bdf.Sample.Web.API", "Bdf.Sample.Web.API\Bdf.Sample.Web.API.csproj", "{93938CE6-1BCA-4E31-B751-C4E8395F2F3E}"
EndProject
Project("{FAE04EC0-301F-11D3-BF4B-00C04F79EFBC}") = "Bdf.Tests", "Bdf.Tests\Bdf.Tests.csproj", "{E9ECFC8D-1870-4B53-859D-8927F9C107DA}"
EndProject
Project("{FAE04EC0-301F-11D3-BF4B-00C04F79EFBC}") = "Bdf.EntityFramework.Tests", "Bdf.EntityFramework.Tests\Bdf.EntityFramework.Tests.csproj", "{B974729A-29B3-4027-BDC5-E44D9FD33681}"
EndProject
Project("{FAE04EC0-301F-11D3-BF4B-00C04F79EFBC}") = "Bdf.MemoryDb.Tests", "Bdf.MemoryDb.Tests\Bdf.MemoryDb.Tests.csproj", "{B508A76F-A7B3-489E-B67F-D1D42226E0A0}"
EndProject
Project("{FAE04EC0-301F-11D3-BF4B-00C04F79EFBC}") = "Bdf.NHibernate.Tests", "Bdf.NHibernate.Tests\Bdf.NHibernate.Tests.csproj", "{F1E0D776-2AFF-42B2-8F43-ECB99CB345BD}"
EndProject
Project("{2150E333-8FDC-42A3-9474-1A3956D46DE8}") = ".nuget", ".nuget", "{99BCF57B-A227-46F9-9CA6-4383E6C08FF1}"
	ProjectSection(SolutionItems) = preProject
		.nuget\NuGet.Config = .nuget\NuGet.Config
		.nuget\NuGet.exe = .nuget\NuGet.exe
		.nuget\NuGet.targets = .nuget\NuGet.targets
	EndProjectSection
EndProject
Global
	GlobalSection(SolutionConfigurationPlatforms) = preSolution
		Debug|Any CPU = Debug|Any CPU
		Release|Any CPU = Release|Any CPU
	EndGlobalSection
	GlobalSection(ProjectConfigurationPlatforms) = postSolution
		{9F09D038-06A2-4725-988B-F8A674AFA31E}.Debug|Any CPU.ActiveCfg = Debug|Any CPU
		{9F09D038-06A2-4725-988B-F8A674AFA31E}.Debug|Any CPU.Build.0 = Debug|Any CPU
		{9F09D038-06A2-4725-988B-F8A674AFA31E}.Release|Any CPU.ActiveCfg = Release|Any CPU
		{9F09D038-06A2-4725-988B-F8A674AFA31E}.Release|Any CPU.Build.0 = Release|Any CPU
		{ACC7EE58-9FF7-48DF-A796-689AC439E57E}.Debug|Any CPU.ActiveCfg = Debug|Any CPU
		{ACC7EE58-9FF7-48DF-A796-689AC439E57E}.Debug|Any CPU.Build.0 = Debug|Any CPU
		{ACC7EE58-9FF7-48DF-A796-689AC439E57E}.Release|Any CPU.ActiveCfg = Release|Any CPU
		{ACC7EE58-9FF7-48DF-A796-689AC439E57E}.Release|Any CPU.Build.0 = Release|Any CPU
		{B8E92F9A-B7CA-4148-B3CA-579D1EA16586}.Debug|Any CPU.ActiveCfg = Debug|Any CPU
		{B8E92F9A-B7CA-4148-B3CA-579D1EA16586}.Debug|Any CPU.Build.0 = Debug|Any CPU
		{B8E92F9A-B7CA-4148-B3CA-579D1EA16586}.Release|Any CPU.ActiveCfg = Release|Any CPU
		{B8E92F9A-B7CA-4148-B3CA-579D1EA16586}.Release|Any CPU.Build.0 = Release|Any CPU
		{63C7C9E6-944A-41E8-9013-19E9820CFC3A}.Debug|Any CPU.ActiveCfg = Debug|Any CPU
		{63C7C9E6-944A-41E8-9013-19E9820CFC3A}.Debug|Any CPU.Build.0 = Debug|Any CPU
		{63C7C9E6-944A-41E8-9013-19E9820CFC3A}.Release|Any CPU.ActiveCfg = Release|Any CPU
		{63C7C9E6-944A-41E8-9013-19E9820CFC3A}.Release|Any CPU.Build.0 = Release|Any CPU
		{C5E716FF-DEC0-48B4-B698-3FA484EB7D28}.Debug|Any CPU.ActiveCfg = Debug|Any CPU
		{C5E716FF-DEC0-48B4-B698-3FA484EB7D28}.Debug|Any CPU.Build.0 = Debug|Any CPU
		{C5E716FF-DEC0-48B4-B698-3FA484EB7D28}.Release|Any CPU.ActiveCfg = Release|Any CPU
		{C5E716FF-DEC0-48B4-B698-3FA484EB7D28}.Release|Any CPU.Build.0 = Release|Any CPU
		{3FD6E4DF-7CCB-4A39-98A0-5A6F73F4285A}.Debug|Any CPU.ActiveCfg = Debug|Any CPU
		{3FD6E4DF-7CCB-4A39-98A0-5A6F73F4285A}.Debug|Any CPU.Build.0 = Debug|Any CPU
		{3FD6E4DF-7CCB-4A39-98A0-5A6F73F4285A}.Release|Any CPU.ActiveCfg = Release|Any CPU
		{3FD6E4DF-7CCB-4A39-98A0-5A6F73F4285A}.Release|Any CPU.Build.0 = Release|Any CPU
		{CA70A12D-7CE1-416C-AC92-0FA8EE62A8B5}.Debug|Any CPU.ActiveCfg = Debug|Any CPU
		{CA70A12D-7CE1-416C-AC92-0FA8EE62A8B5}.Debug|Any CPU.Build.0 = Debug|Any CPU
		{CA70A12D-7CE1-416C-AC92-0FA8EE62A8B5}.Release|Any CPU.ActiveCfg = Release|Any CPU
		{CA70A12D-7CE1-416C-AC92-0FA8EE62A8B5}.Release|Any CPU.Build.0 = Release|Any CPU
		{93938CE6-1BCA-4E31-B751-C4E8395F2F3E}.Debug|Any CPU.ActiveCfg = Debug|Any CPU
		{93938CE6-1BCA-4E31-B751-C4E8395F2F3E}.Debug|Any CPU.Build.0 = Debug|Any CPU
		{93938CE6-1BCA-4E31-B751-C4E8395F2F3E}.Release|Any CPU.ActiveCfg = Release|Any CPU
		{93938CE6-1BCA-4E31-B751-C4E8395F2F3E}.Release|Any CPU.Build.0 = Release|Any CPU
		{E9ECFC8D-1870-4B53-859D-8927F9C107DA}.Debug|Any CPU.ActiveCfg = Debug|Any CPU
		{E9ECFC8D-1870-4B53-859D-8927F9C107DA}.Debug|Any CPU.Build.0 = Debug|Any CPU
		{E9ECFC8D-1870-4B53-859D-8927F9C107DA}.Release|Any CPU.ActiveCfg = Release|Any CPU
		{E9ECFC8D-1870-4B53-859D-8927F9C107DA}.Release|Any CPU.Build.0 = Release|Any CPU
		{B974729A-29B3-4027-BDC5-E44D9FD33681}.Debug|Any CPU.ActiveCfg = Debug|Any CPU
		{B974729A-29B3-4027-BDC5-E44D9FD33681}.Debug|Any CPU.Build.0 = Debug|Any CPU
		{B974729A-29B3-4027-BDC5-E44D9FD33681}.Release|Any CPU.ActiveCfg = Release|Any CPU
		{B974729A-29B3-4027-BDC5-E44D9FD33681}.Release|Any CPU.Build.0 = Release|Any CPU
		{B508A76F-A7B3-489E-B67F-D1D42226E0A0}.Debug|Any CPU.ActiveCfg = Debug|Any CPU
		{B508A76F-A7B3-489E-B67F-D1D42226E0A0}.Debug|Any CPU.Build.0 = Debug|Any CPU
		{B508A76F-A7B3-489E-B67F-D1D42226E0A0}.Release|Any CPU.ActiveCfg = Release|Any CPU
		{B508A76F-A7B3-489E-B67F-D1D42226E0A0}.Release|Any CPU.Build.0 = Release|Any CPU
		{F1E0D776-2AFF-42B2-8F43-ECB99CB345BD}.Debug|Any CPU.ActiveCfg = Debug|Any CPU
		{F1E0D776-2AFF-42B2-8F43-ECB99CB345BD}.Debug|Any CPU.Build.0 = Debug|Any CPU
		{F1E0D776-2AFF-42B2-8F43-ECB99CB345BD}.Release|Any CPU.ActiveCfg = Release|Any CPU
		{F1E0D776-2AFF-42B2-8F43-ECB99CB345BD}.Release|Any CPU.Build.0 = Release|Any CPU
	EndGlobalSection
	GlobalSection(SolutionProperties) = preSolution
		HideSolutionNode = FALSE
	EndGlobalSection
	GlobalSection(NestedProjects) = preSolution
		{CA70A12D-7CE1-416C-AC92-0FA8EE62A8B5} = {EC4DDE40-7E07-4F43-86C6-FA7931909CD6}
		{93938CE6-1BCA-4E31-B751-C4E8395F2F3E} = {EC4DDE40-7E07-4F43-86C6-FA7931909CD6}
		{E9ECFC8D-1870-4B53-859D-8927F9C107DA} = {5274E255-148F-4415-A578-996EE5F4CC12}
		{B974729A-29B3-4027-BDC5-E44D9FD33681} = {5274E255-148F-4415-A578-996EE5F4CC12}
		{B508A76F-A7B3-489E-B67F-D1D42226E0A0} = {5274E255-148F-4415-A578-996EE5F4CC12}
		{F1E0D776-2AFF-42B2-8F43-ECB99CB345BD} = {5274E255-148F-4415-A578-996EE5F4CC12}
	EndGlobalSection
EndGlobal
